
Microsoft Visual Studio Solution File, Format Version 12.00
# Visual Studio 15
VisualStudioVersion = 15.0.28307.645
MinimumVisualStudioVersion = 10.0.40219.1
Project("{FAE04EC0-301F-11D3-BF4B-00C04F79EFBC}") = "LibreriaModoDesconectado", "LibreriaModoDesconectado\LibreriaModoDesconectado.csproj", "{2BED23DD-6EB1-4C23-ABDB-3381904BD5B3}"
EndProject
Global
	GlobalSection(SolutionConfigurationPlatforms) = preSolution
		Debug|Any CPU = Debug|Any CPU
		Release|Any CPU = Release|Any CPU
	EndGlobalSection
	GlobalSection(ProjectConfigurationPlatforms) = postSolution
		{2BED23DD-6EB1-4C23-ABDB-3381904BD5B3}.Debug|Any CPU.ActiveCfg = Debug|Any CPU
		{2BED23DD-6EB1-4C23-ABDB-3381904BD5B3}.Debug|Any CPU.Build.0 = Debug|Any CPU
		{2BED23DD-6EB1-4C23-ABDB-3381904BD5B3}.Release|Any CPU.ActiveCfg = Release|Any CPU
		{2BED23DD-6EB1-4C23-ABDB-3381904BD5B3}.Release|Any CPU.Build.0 = Release|Any CPU
	EndGlobalSection
	GlobalSection(SolutionProperties) = preSolution
		HideSolutionNode = FALSE
	EndGlobalSection
	GlobalSection(ExtensibilityGlobals) = postSolution
		SolutionGuid = {4A71DCEE-BD38-419A-A993-27D1A48D942F}
	EndGlobalSection
EndGlobal
